
Microsoft Visual Studio Solution File, Format Version 12.00
# Visual Studio Version 17
VisualStudioVersion = 17.13.36105.23
MinimumVisualStudioVersion = 10.0.40219.1
Project("{FAE04EC0-301F-11D3-BF4B-00C04F79EFBC}") = "WcfRestBridge.Core", "WcfRestBridge.Core.csproj", "{3DA0174D-4841-4820-AF98-1BEF83A335D5}"
EndProject
Project("{FAE04EC0-301F-11D3-BF4B-00C04F79EFBC}") = "WcfRestBridge.Api", "..\WcfRestBridge.Api\WcfRestBridge.Api.csproj", "{652114FE-FAF7-4A02-AD4D-8AFF35FE7281}"
EndProject
Project("{FAE04EC0-301F-11D3-BF4B-00C04F79EFBC}") = "WcfRestBridge.TestHost", "..\WcfRestBridge.TestHost\WcfRestBridge.TestHost.csproj", "{779684B1-A7BC-47D4-A22B-B50DF8FC339B}"
EndProject
Project("{FAE04EC0-301F-11D3-BF4B-00C04F79EFBC}") = "WcfRestBridge.WcfAttribute", "..\WcfRestBridge.Attribute\WcfRestBridge.WcfAttribute.csproj", "{5D7E6B3E-64FC-488D-AE1D-CD91BD7B2A54}"
EndProject
Global
	GlobalSection(SolutionConfigurationPlatforms) = preSolution
		Debug|Any CPU = Debug|Any CPU
		Release|Any CPU = Release|Any CPU
	EndGlobalSection
	GlobalSection(ProjectConfigurationPlatforms) = postSolution
		{3DA0174D-4841-4820-AF98-1BEF83A335D5}.Debug|Any CPU.ActiveCfg = Debug|Any CPU
		{3DA0174D-4841-4820-AF98-1BEF83A335D5}.Debug|Any CPU.Build.0 = Debug|Any CPU
		{3DA0174D-4841-4820-AF98-1BEF83A335D5}.Release|Any CPU.ActiveCfg = Release|Any CPU
		{3DA0174D-4841-4820-AF98-1BEF83A335D5}.Release|Any CPU.Build.0 = Release|Any CPU
		{652114FE-FAF7-4A02-AD4D-8AFF35FE7281}.Debug|Any CPU.ActiveCfg = Debug|Any CPU
		{652114FE-FAF7-4A02-AD4D-8AFF35FE7281}.Debug|Any CPU.Build.0 = Debug|Any CPU
		{652114FE-FAF7-4A02-AD4D-8AFF35FE7281}.Release|Any CPU.ActiveCfg = Release|Any CPU
		{652114FE-FAF7-4A02-AD4D-8AFF35FE7281}.Release|Any CPU.Build.0 = Release|Any CPU
		{779684B1-A7BC-47D4-A22B-B50DF8FC339B}.Debug|Any CPU.ActiveCfg = Debug|Any CPU
		{779684B1-A7BC-47D4-A22B-B50DF8FC339B}.Debug|Any CPU.Build.0 = Debug|Any CPU
		{779684B1-A7BC-47D4-A22B-B50DF8FC339B}.Release|Any CPU.ActiveCfg = Release|Any CPU
		{779684B1-A7BC-47D4-A22B-B50DF8FC339B}.Release|Any CPU.Build.0 = Release|Any CPU
		{5D7E6B3E-64FC-488D-AE1D-CD91BD7B2A54}.Debug|Any CPU.ActiveCfg = Debug|Any CPU
		{5D7E6B3E-64FC-488D-AE1D-CD91BD7B2A54}.Debug|Any CPU.Build.0 = Debug|Any CPU
		{5D7E6B3E-64FC-488D-AE1D-CD91BD7B2A54}.Release|Any CPU.ActiveCfg = Release|Any CPU
		{5D7E6B3E-64FC-488D-AE1D-CD91BD7B2A54}.Release|Any CPU.Build.0 = Release|Any CPU
	EndGlobalSection
	GlobalSection(SolutionProperties) = preSolution
		HideSolutionNode = FALSE
	EndGlobalSection
	GlobalSection(ExtensibilityGlobals) = postSolution
		SolutionGuid = {673A6CDF-C4F5-4E8F-BB1D-9D89ECFA4CD2}
	EndGlobalSection
EndGlobal
